
Microsoft Visual Studio Solution File, Format Version 12.00
# Visual Studio Version 16
VisualStudioVersion = 16.0.29424.173
MinimumVisualStudioVersion = 10.0.40219.1
Project("{FAE04EC0-301F-11D3-BF4B-00C04F79EFBC}") = "AirlineReservationSystem", "AirlineReservationSystem\AirlineReservationSystem.csproj", "{B143DD0A-DA4C-41C8-BD9F-DE765110F244}"
EndProject
Global
	GlobalSection(SolutionConfigurationPlatforms) = preSolution
		Debug|Any CPU = Debug|Any CPU
		Release|Any CPU = Release|Any CPU
	EndGlobalSection
	GlobalSection(ProjectConfigurationPlatforms) = postSolution
		{B143DD0A-DA4C-41C8-BD9F-DE765110F244}.Debug|Any CPU.ActiveCfg = Debug|Any CPU
		{B143DD0A-DA4C-41C8-BD9F-DE765110F244}.Debug|Any CPU.Build.0 = Debug|Any CPU
		{B143DD0A-DA4C-41C8-BD9F-DE765110F244}.Release|Any CPU.ActiveCfg = Release|Any CPU
		{B143DD0A-DA4C-41C8-BD9F-DE765110F244}.Release|Any CPU.Build.0 = Release|Any CPU
	EndGlobalSection
	GlobalSection(SolutionProperties) = preSolution
		HideSolutionNode = FALSE
	EndGlobalSection
	GlobalSection(ExtensibilityGlobals) = postSolution
		SolutionGuid = {D186D6B9-AC74-4528-9254-B3E96569702C}
	EndGlobalSection
EndGlobal
